
Microsoft Visual Studio Solution File, Format Version 12.00
# Visual Studio Version 17
VisualStudioVersion = 17.0.32112.339
MinimumVisualStudioVersion = 10.0.40219.1
Project("{FAE04EC0-301F-11D3-BF4B-00C04F79EFBC}") = "WindowsFormsApp1", "WindowsFormsApp1\WindowsFormsApp1.csproj", "{8CC4D754-524D-40D9-8688-8FE9BD977D3D}"
EndProject
Project("{2150E333-8FDC-42A3-9474-1A3956D46DE8}") = "Solution Items", "Solution Items", "{F49269AF-C024-4E1F-AE0F-90B6B38C5108}"
	ProjectSection(SolutionItems) = preProject
		Produto.cs = Produto.cs
	EndProjectSection
EndProject
Global
	GlobalSection(SolutionConfigurationPlatforms) = preSolution
		Debug|Any CPU = Debug|Any CPU
		Release|Any CPU = Release|Any CPU
	EndGlobalSection
	GlobalSection(ProjectConfigurationPlatforms) = postSolution
		{8CC4D754-524D-40D9-8688-8FE9BD977D3D}.Debug|Any CPU.ActiveCfg = Debug|Any CPU
		{8CC4D754-524D-40D9-8688-8FE9BD977D3D}.Debug|Any CPU.Build.0 = Debug|Any CPU
		{8CC4D754-524D-40D9-8688-8FE9BD977D3D}.Release|Any CPU.ActiveCfg = Release|Any CPU
		{8CC4D754-524D-40D9-8688-8FE9BD977D3D}.Release|Any CPU.Build.0 = Release|Any CPU
	EndGlobalSection
	GlobalSection(SolutionProperties) = preSolution
		HideSolutionNode = FALSE
	EndGlobalSection
	GlobalSection(ExtensibilityGlobals) = postSolution
		SolutionGuid = {FFED0058-DBEE-4DB6-927D-65538A042B1A}
	EndGlobalSection
EndGlobal
